
Microsoft Visual Studio Solution File, Format Version 12.00
# Visual Studio Version 16
VisualStudioVersion = 16.0.31911.196
MinimumVisualStudioVersion = 10.0.40219.1
Project("{FAE04EC0-301F-11D3-BF4B-00C04F79EFBC}") = "Projekat_Dom_Zdravlja", "Projekat_Dom_Zdravlja.csproj", "{8E19634D-2B53-4C9A-BA4E-73DA37D3F59E}"
EndProject
Global
	GlobalSection(SolutionConfigurationPlatforms) = preSolution
		Debug|Any CPU = Debug|Any CPU
		Release|Any CPU = Release|Any CPU
	EndGlobalSection
	GlobalSection(ProjectConfigurationPlatforms) = postSolution
		{8E19634D-2B53-4C9A-BA4E-73DA37D3F59E}.Debug|Any CPU.ActiveCfg = Debug|Any CPU
		{8E19634D-2B53-4C9A-BA4E-73DA37D3F59E}.Debug|Any CPU.Build.0 = Debug|Any CPU
		{8E19634D-2B53-4C9A-BA4E-73DA37D3F59E}.Release|Any CPU.ActiveCfg = Release|Any CPU
		{8E19634D-2B53-4C9A-BA4E-73DA37D3F59E}.Release|Any CPU.Build.0 = Release|Any CPU
	EndGlobalSection
	GlobalSection(SolutionProperties) = preSolution
		HideSolutionNode = FALSE
	EndGlobalSection
	GlobalSection(ExtensibilityGlobals) = postSolution
		SolutionGuid = {BAA33D79-C799-4198-AE84-DECB080A5FCD}
	EndGlobalSection
EndGlobal
